PODS:
  - FACEKI-BLAZE-IOS (3.0.0):
    - lottie-ios
  - lottie-ios (4.4.0)

DEPENDENCIES:
  - FACEKI-BLAZE-IOS (from `../`)

SPEC REPOS:
  trunk:
    - lottie-ios

EXTERNAL SOURCES:
  FACEKI-BLAZE-IOS:
    :path: "../"

SPEC CHECKSUMS:
  FACEKI-BLAZE-IOS: 41e058f52cc07657185289f46c9ea92b22f7eb5f
  lottie-ios: ef1be1f90d54255f08e09d767950e43714661178

PODFILE CHECKSUM: 06b77288fc82763f8c2886326e9487cb24cd7cea

COCOAPODS: 1.15.0
